// !$*UTF8*$!
{
	archiveVersion = 1;
	classes = {
	};
	objectVersion = 46;
	objects = {
/* Begin PBXBuildFile section */
		0207DA581B56EA530066E2B4 /* Images.xcassets in Resources */ = {isa = PBXBuildFile; fileRef = 0207DA571B56EA530066E2B4 /* Images.xcassets */; };
		1D3623260D0F684500981E51 /* AppDelegate.m in Sources */ = {isa = PBXBuildFile; fileRef = 1D3623250D0F684500981E51 /* AppDelegate.m */; };
		1D60589B0D05DD56006BFB54 /* main.m in Sources */ = {isa = PBXBuildFile; fileRef = 29B97316FDCFA39411CA2CEA /* main.m */; };
		301BF552109A68D80062928A /* libCordova.a in Frameworks */ = {isa = PBXBuildFile; fileRef = 301BF535109A57CC0062928A /* libCordova.a */; };
		302D95F114D2391D003F00A1 /* MainViewController.m in Sources */ = {isa = PBXBuildFile; fileRef = 302D95EF14D2391D003F00A1 /* MainViewController.m */; };
		302D95F214D2391D003F00A1 /* MainViewController.xib in Resources */ = {isa = PBXBuildFile; fileRef = 302D95F014D2391D003F00A1 /* MainViewController.xib */; };
		3047A5121AB8059700498E2A /* build-debug.xcconfig in Resources */ = {isa = PBXBuildFile; fileRef = 3047A50F1AB8059700498E2A /* build-debug.xcconfig */; };
		3047A5131AB8059700498E2A /* build-release.xcconfig in Resources */ = {isa = PBXBuildFile; fileRef = 3047A5101AB8059700498E2A /* build-release.xcconfig */; };
		3047A5141AB8059700498E2A /* build.xcconfig in Resources */ = {isa = PBXBuildFile; fileRef = 3047A5111AB8059700498E2A /* build.xcconfig */; };
		6E4B5B6E1A5345039741B46D /* CDVBattery.m in Sources */ = {isa = PBXBuildFile; fileRef = C4B41838FD864648956D9C03 /* CDVBattery.m */; };
		C0F78DB7B334454198C80DBE /* UIImage+CropScaleOrientation.m in Sources */ = {isa = PBXBuildFile; fileRef = 76B0652330B74387A1B39603 /* UIImage+CropScaleOrientation.m */; };
		1031CC7285CF46188C739930 /* CDVCamera.m in Sources */ = {isa = PBXBuildFile; fileRef = C0A0ED8BA9E74AADBC2600CF /* CDVCamera.m */; };
		FEAA0E84FA324B0D8DD65AB2 /* CDVJpegHeaderWriter.m in Sources */ = {isa = PBXBuildFile; fileRef = 5F85988A66784F75B290FD7A /* CDVJpegHeaderWriter.m */; };
		76FB27A9EACE466590BEE39F /* ImageIO.framework in Frameworks */ = {isa = PBXBuildFile; fileRef = BC90691306354F8C96B8B44F /* ImageIO.framework */; settings = {ATTRIBUTES = (Weak, ); }; };
		06C29E13769D4D41B42567C9 /* CoreLocation.framework in Frameworks */ = {isa = PBXBuildFile; fileRef = BA6A5493120345828FE64CB0 /* CoreLocation.framework */; };
		41E1AD3BA8D24DBD829E972D /* AVFoundation.framework in Frameworks */ = {isa = PBXBuildFile; fileRef = C3ACCF3E91F140F8B09ABFD8 /* AVFoundation.framework */; };
		76EE49D581DA4DB0848FE059 /* CDVFile.m in Sources */ = {isa = PBXBuildFile; fileRef = B356873D94704BD981829558 /* CDVFile.m */; };
		A09EDD8A372D4E9180EC74D8 /* CDVLocalFilesystem.m in Sources */ = {isa = PBXBuildFile; fileRef = E2A90A5DE89845459CCE8208 /* CDVLocalFilesystem.m */; };
		D7FA70C3A28646E38C8C28B4 /* CDVAssetLibraryFilesystem.m in Sources */ = {isa = PBXBuildFile; fileRef = DB1575DCA77D400C963510EB /* CDVAssetLibraryFilesystem.m */; };
		BC2CF6B1FE4E43BC91EFD42B /* CDVCapture.m in Sources */ = {isa = PBXBuildFile; fileRef = 1744205C2FF34551ADDF892E /* CDVCapture.m */; };
		E7E3A25F2028422CA562EACF /* CDVCapture.bundle in Resources */ = {isa = PBXBuildFile; fileRef = D97CB0623D864632A819F047 /* CDVCapture.bundle */; };
		2F20CB4FF26543FFA0A4D8F0 /* CDVLogger.m in Sources */ = {isa = PBXBuildFile; fileRef = E1E0E18E1DC34BD5A6B72EEA /* CDVLogger.m */; };
		470DE0E3A06E475190903998 /* CDVContacts.m in Sources */ = {isa = PBXBuildFile; fileRef = 934420B7E68441A1BA6DBFC5 /* CDVContacts.m */; };
		3617086E403742309B5186E1 /* CDVContact.m in Sources */ = {isa = PBXBuildFile; fileRef = D8F6973EC4C74B98AE5A137B /* CDVContact.m */; };
		A1AED5C2F8B04E7EABF4BF57 /* AddressBook.framework in Frameworks */ = {isa = PBXBuildFile; fileRef = 7F9EBC63C79146E1A4EFA0E7 /* AddressBook.framework */; settings = {ATTRIBUTES = (Weak, ); }; };
		178F04A1EA794766BB0C9CDF /* AddressBookUI.framework in Frameworks */ = {isa = PBXBuildFile; fileRef = 254BA6FCB75441BA9EE8DB43 /* AddressBookUI.framework */; settings = {ATTRIBUTES = (Weak, ); }; };
		92C7876D95A346AD8D6AAA9D /* CDVDevice.m in Sources */ = {isa = PBXBuildFile; fileRef = E4CA52C46F3D4A959590836A /* CDVDevice.m */; };
		E4041ED3BCE9419D9D20E2BC /* CDVAccelerometer.m in Sources */ = {isa = PBXBuildFile; fileRef = 57C679F50355461F961295E7 /* CDVAccelerometer.m */; };
		DC2116FA9653463BA36495A9 /* CoreMotion.framework in Frameworks */ = {isa = PBXBuildFile; fileRef = D92E8A038A514C39B0EE432D /* CoreMotion.framework */; };
		4D7A99F7B56D4B359B0C82CF /* CDVCompass.m in Sources */ = {isa = PBXBuildFile; fileRef = 059220BB05DE4245B84DFC86 /* CDVCompass.m */; };
		79283DD58DC1477498A18787 /* CDVNotification.m in Sources */ = {isa = PBXBuildFile; fileRef = A92AF123CAA043A8ABF52051 /* CDVNotification.m */; };
		40B6B2FC358640C29961DDF4 /* CDVNotification.bundle in Resources */ = {isa = PBXBuildFile; fileRef = 04D4957A2EAA4D7DB8C251B8 /* CDVNotification.bundle */; };
		56F3D5D825454913B79CB5DB /* AudioToolbox.framework in Frameworks */ = {isa = PBXBuildFile; fileRef = 31D4934C2BB740C88D63B3A2 /* AudioToolbox.framework */; settings = {ATTRIBUTES = (Weak, ); }; };
		537AC197563A4E93ACE02DF8 /* CDVFileTransfer.m in Sources */ = {isa = PBXBuildFile; fileRef = 4EE623AC6C71435E8390A611 /* CDVFileTransfer.m */; };
		C31E7F23F3AF45358ACDC7BF /* CDVLocation.m in Sources */ = {isa = PBXBuildFile; fileRef = D057664457D945EAAD6A3EC0 /* CDVLocation.m */; };
		1F0CCEC247CD4829B6180158 /* CDVGlobalization.m in Sources */ = {isa = PBXBuildFile; fileRef = 26BA0E6F2B1E40F7B7721A3B /* CDVGlobalization.m */; };
		1B0D16B56B5142C8B63EA9AC /* CDVInAppBrowser.m in Sources */ = {isa = PBXBuildFile; fileRef = 2C73C92DDDE946D5AEA4A5F8 /* CDVInAppBrowser.m */; };
		0651D73670DE40129FED0DD2 /* CDVSound.m in Sources */ = {isa = PBXBuildFile; fileRef = 60986DCAF6D84CEC843B64FB /* CDVSound.m */; };
		4022A91EA7024584A97C0282 /* CDVConnection.m in Sources */ = {isa = PBXBuildFile; fileRef = F0723A36B3F94D458AEA2692 /* CDVConnection.m */; };
		E005DD9F99F7460E9689C549 /* CDVReachability.m in Sources */ = {isa = PBXBuildFile; fileRef = 30BF1FE569094ADC8F55CD92 /* CDVReachability.m */; };
		F649CA10CA814A0D9A552F22 /* SystemConfiguration.framework in Frameworks */ = {isa = PBXBuildFile; fileRef = 452FB7D6CBDF49A1907D6CC8 /* SystemConfiguration.framework */; settings = {ATTRIBUTES = (Weak, ); }; };
		B38E127868834E4086BE96CA /* CoreTelephony.framework in Frameworks */ = {isa = PBXBuildFile; fileRef = 75573FC695AA40F1B15F719F /* CoreTelephony.framework */; };
		13CCD023B4D74E42BB44C40F /* CDVSplashScreen.m in Sources */ = {isa = PBXBuildFile; fileRef = CF0C23D7F3D74966A2E7D5CE /* CDVSplashScreen.m */; };
		49CBACE80DB54723A368BD7A /* CDVViewController+SplashScreen.m in Sources */ = {isa = PBXBuildFile; fileRef = B61E105C00054A6C955121B3 /* CDVViewController+SplashScreen.m */; };
		4602C0AB9ABB4CEEB4BF2993 /* CDVStatusBar.m in Sources */ = {isa = PBXBuildFile; fileRef = AAA53ED5E86C453ABD4D868A /* CDVStatusBar.m */; };
		1C63E8C47D92488190C7AA15 /* CDVVibration.m in Sources */ = {isa = PBXBuildFile; fileRef = 68827A10C58A4DE9894B07C1 /* CDVVibration.m */; };
		336FFCFE54054E948C1374A1 /* AppDelegate+notification.m in Sources */ = {isa = PBXBuildFile; fileRef = B537F3D7F808452BA605651A /* AppDelegate+notification.m */; };
		EBED1A88F02042B292E430C4 /* PushPlugin.m in Sources */ = {isa = PBXBuildFile; fileRef = A367DF7EB596467483879DD8 /* PushPlugin.m */; };
		A51C77F3D5544F5BAC8ECFB4 /* libGGLCloudMessaging.a in Frameworks */ = {isa = PBXBuildFile; fileRef = D957604C7B5347C2AE2DDDEB /* libGGLCloudMessaging.a */; };
		60A5A22EC2024A18B03F3BAD /* libGGLCore.a in Frameworks */ = {isa = PBXBuildFile; fileRef = 7C3AE2F0C6324938A0F1B5F5 /* libGGLCore.a */; };
		5460CAA480E34B8AB24125A3 /* libGGLInstanceIDLib.a in Frameworks */ = {isa = PBXBuildFile; fileRef = 7F39DD4CD8274576A1FE9FEF /* libGGLInstanceIDLib.a */; };
		FA9EFAD9CCD64E6F98FF48A9 /* libGIP_Reachability.a in Frameworks */ = {isa = PBXBuildFile; fileRef = AA8EBED5EAD44CA68FD69462 /* libGIP_Reachability.a */; };
		4B7FD15D71AC4513973B3FE0 /* libGSDK_Overload.a in Frameworks */ = {isa = PBXBuildFile; fileRef = F0CE660A822C4EDFB2B3FECC /* libGSDK_Overload.a */; };
		7E4FB910ECB9479497A01BFE /* libGTMSessionFetcher_core.a in Frameworks */ = {isa = PBXBuildFile; fileRef = DB638519B9DD4810BE3ACC3C /* libGTMSessionFetcher_core.a */; };
		9911B1EC5E06485CA8D54A21 /* libGTMSessionFetcher_full.a in Frameworks */ = {isa = PBXBuildFile; fileRef = F194902E9ABF4387AC5AF97E /* libGTMSessionFetcher_full.a */; };
		B1B96F681CC1485F836FF52C /* libGTMStackTrace.a in Frameworks */ = {isa = PBXBuildFile; fileRef = C21103EE21284FBFBE347E45 /* libGTMStackTrace.a */; };
		EEFE954B096440D69AD87B22 /* libGTM_AddressBook.a in Frameworks */ = {isa = PBXBuildFile; fileRef = 8129981E34454109A3B09C24 /* libGTM_AddressBook.a */; };
		DE6BC744B46F4BCF8C153385 /* libGTM_DebugUtils.a in Frameworks */ = {isa = PBXBuildFile; fileRef = 5D624A4626AC4E4D99523972 /* libGTM_DebugUtils.a */; };
		038E3E0302924D338340461E /* libGTM_GTMURLBuilder.a in Frameworks */ = {isa = PBXBuildFile; fileRef = FA4E785071EF47BAA61148A9 /* libGTM_GTMURLBuilder.a */; };
		BF3E0C9FD224444C9982DA15 /* libGTM_KVO.a in Frameworks */ = {isa = PBXBuildFile; fileRef = 03B00A4DDD53424C93D5CC0F /* libGTM_KVO.a */; };
		07D1E9E2FA524142A2383766 /* libGTM_NSData+zlib.a in Frameworks */ = {isa = PBXBuildFile; fileRef = 6DADDB1B9A4D4C27B9F8137D /* libGTM_NSData+zlib.a */; };
		072EDD9565E04F0BAC4F6A15 /* libGTM_NSDictionary+URLArguments.a in Frameworks */ = {isa = PBXBuildFile; fileRef = 2D2E01D4D53F4C6B98340624 /* libGTM_NSDictionary+URLArguments.a */; };
		E7C820FC847E4A4AA4A94F6C /* libGTM_NSScannerJSON.a in Frameworks */ = {isa = PBXBuildFile; fileRef = 604CE8E0ECA1438790A47FE9 /* libGTM_NSScannerJSON.a */; };
		FDDDD0CA46624273BBCEAAC3 /* libGTM_NSStringHTML.a in Frameworks */ = {isa = PBXBuildFile; fileRef = A859F8BA81E14A98BF7D2835 /* libGTM_NSStringHTML.a */; };
		A399ED3DF11B41C5B4E178CE /* libGTM_NSStringXML.a in Frameworks */ = {isa = PBXBuildFile; fileRef = 351CDA49C95E42E3983D7133 /* libGTM_NSStringXML.a */; };
		55EC0B0A3A704883833BB255 /* libGTM_Regex.a in Frameworks */ = {isa = PBXBuildFile; fileRef = 0513329BC01F42949AED5137 /* libGTM_Regex.a */; };
		85402879FC864CD089CA9BC0 /* libGTM_RoundedRectPath.a in Frameworks */ = {isa = PBXBuildFile; fileRef = A549CCE0919D4C8BBAA4F8E8 /* libGTM_RoundedRectPath.a */; };
		BA00EE234CED47C5B289EC5C /* libGTM_StringEncoding.a in Frameworks */ = {isa = PBXBuildFile; fileRef = A12F2B9FC3D3449BBB2B4103 /* libGTM_StringEncoding.a */; };
		B3282EC1BC94440FB894C9CF /* libGTM_SystemVersion.a in Frameworks */ = {isa = PBXBuildFile; fileRef = 6F851C2F048C41039A12B334 /* libGTM_SystemVersion.a */; };
		FDEACFC0392C4B22BC6F4BFB /* libGTM_UIFont+LineHeight.a in Frameworks */ = {isa = PBXBuildFile; fileRef = 5D6745DD80164B0B8019AD83 /* libGTM_UIFont+LineHeight.a */; };
		78B8A742BF274D72B1696C45 /* libGTM_core.a in Frameworks */ = {isa = PBXBuildFile; fileRef = C800A2B4164A43BCBB0B7A65 /* libGTM_core.a */; };
		0499129FF0C2478F8BB62307 /* libGTM_iPhone.a in Frameworks */ = {isa = PBXBuildFile; fileRef = 7B83E4CFFD4744FD8EC75255 /* libGTM_iPhone.a */; };
		C9818CF8D18B4CD986FC516B /* libGcmLib.a in Frameworks */ = {isa = PBXBuildFile; fileRef = 05B818CCF8004787BA9A6C77 /* libGcmLib.a */; };
		2E2D9E842A11467188B4924D /* libProtocolBuffers.a in Frameworks */ = {isa = PBXBuildFile; fileRef = 4BF85EAAF0EF4C7F82F58AE9 /* libProtocolBuffers.a */; };
		A17A4A9D92754B98940A6DDA /* libsqlite3.tbd in Resources */ = {isa = PBXBuildFile; fileRef = 44B3AED9FD6E4217A4351B11 /* libsqlite3.tbd */; };
		40AA0FEACCB74D3DBF95D1FD /* libz.tbd in Resources */ = {isa = PBXBuildFile; fileRef = 8C516197C2FF4AA884E39A67 /* libz.tbd */; };
/* End PBXBuildFile section */

/* Begin PBXContainerItemProxy section */
		301BF534109A57CC0062928A /* PBXContainerItemProxy */ = {
			isa = PBXContainerItemProxy;
			containerPortal = 301BF52D109A57CC0062928A /* CordovaLib.xcodeproj */;
			proxyType = 2;
			remoteGlobalIDString = D2AAC07E0554694100DB518D;
			remoteInfo = CordovaLib;
		};
		301BF550109A68C00062928A /* PBXContainerItemProxy */ = {
			isa = PBXContainerItemProxy;
			containerPortal = 301BF52D109A57CC0062928A /* CordovaLib.xcodeproj */;
			proxyType = 1;
			remoteGlobalIDString = D2AAC07D0554694100DB518D;
			remoteInfo = CordovaLib;
		};
/* End PBXContainerItemProxy section */

/* Begin PBXFileReference section */
		0207DA571B56EA530066E2B4 /* Images.xcassets */ = {isa = PBXFileReference; lastKnownFileType = folder.assetcatalog; name = Images.xcassets; path = "Hello World/Images.xcassets"; sourceTree = SOURCE_ROOT; };
		1D3623240D0F684500981E51 /* AppDelegate.h */ = {isa = PBXFileReference; fileEncoding = 4; lastKnownFileType = sourcecode.c.h; path = AppDelegate.h; sourceTree = "<group>"; };
		1D3623250D0F684500981E51 /* AppDelegate.m */ = {isa = PBXFileReference; fileEncoding = 4; lastKnownFileType = sourcecode.c.objc; path = AppDelegate.m; sourceTree = "<group>"; };
		1D6058910D05DD3D006BFB54 /* Hello World.app */ = {isa = PBXFileReference; explicitFileType = wrapper.application; includeInIndex = 0; path = "Hello World.app"; sourceTree = BUILT_PRODUCTS_DIR; };
		29B97316FDCFA39411CA2CEA /* main.m */ = {isa = PBXFileReference; fileEncoding = 4; lastKnownFileType = sourcecode.c.objc; path = main.m; sourceTree = "<group>"; };
		301BF52D109A57CC0062928A /* CordovaLib.xcodeproj */ = {isa = PBXFileReference; lastKnownFileType = "wrapper.pb-project"; name = CordovaLib.xcodeproj; path = CordovaLib/CordovaLib.xcodeproj; sourceTree = "<group>"; };
		301BF56E109A69640062928A /* www */ = {isa = PBXFileReference; lastKnownFileType = folder; path = www; sourceTree = SOURCE_ROOT; };
		302D95EE14D2391D003F00A1 /* MainViewController.h */ = {isa = PBXFileReference; fileEncoding = 4; lastKnownFileType = sourcecode.c.h; path = MainViewController.h; sourceTree = "<group>"; };
		302D95EF14D2391D003F00A1 /* MainViewController.m */ = {isa = PBXFileReference; fileEncoding = 4; lastKnownFileType = sourcecode.c.objc; path = MainViewController.m; sourceTree = "<group>"; };
		302D95F014D2391D003F00A1 /* MainViewController.xib */ = {isa = PBXFileReference; fileEncoding = 4; lastKnownFileType = file.xib; path = MainViewController.xib; sourceTree = "<group>"; };
		3047A50F1AB8059700498E2A /* build-debug.xcconfig */ = {isa = PBXFileReference; fileEncoding = 4; lastKnownFileType = text.xcconfig; name = "build-debug.xcconfig"; path = cordova/build-debug.xcconfig; sourceTree = SOURCE_ROOT; };
		3047A5101AB8059700498E2A /* build-release.xcconfig */ = {isa = PBXFileReference; fileEncoding = 4; lastKnownFileType = text.xcconfig; name = "build-release.xcconfig"; path = cordova/build-release.xcconfig; sourceTree = SOURCE_ROOT; };
		3047A5111AB8059700498E2A /* build.xcconfig */ = {isa = PBXFileReference; fileEncoding = 4; lastKnownFileType = text.xcconfig; name = build.xcconfig; path = cordova/build.xcconfig; sourceTree = SOURCE_ROOT; };
		32CA4F630368D1EE00C91783 /* Hello World-Prefix.pch */ = {isa = PBXFileReference; fileEncoding = 4; lastKnownFileType = sourcecode.c.h; path = "Hello World-Prefix.pch"; sourceTree = "<group>"; };
		8D1107310486CEB800E47090 /* Hello World-Info.plist */ = {isa = PBXFileReference; fileEncoding = 4; lastKnownFileType = text.plist.xml; name = "Hello World-Info.plist"; path = "Hello World/Hello World-Info.plist"; plistStructureDefinitionIdentifier = "com.apple.xcode.plist.structure-definition.iphone.info-plist"; sourceTree = SOURCE_ROOT; };
		EB87FDF31871DA8E0020F90C /* www */ = {isa = PBXFileReference; lastKnownFileType = folder; name = www; path = ../../www; sourceTree = "<group>"; };
		EB87FDF41871DAF40020F90C /* config.xml */ = {isa = PBXFileReference; lastKnownFileType = text.xml; name = config.xml; path = ../../config.xml; sourceTree = "<group>"; };
		F840E1F0165FE0F500CFE078 /* config.xml */ = {isa = PBXFileReference; lastKnownFileType = text.xml; name = config.xml; path = "Hello World/config.xml"; sourceTree = "<group>"; };
		ED33DF2A687741AEAF9F8254 /* Bridging-Header.h */ = {isa = PBXFileReference; fileEncoding = 4; lastKnownFileType = sourcecode.c.h; name = "Bridging-Header.h"; path = "Bridging-Header.h"; sourceTree = "<group>"; };
		C4B41838FD864648956D9C03 /* CDVBattery.m */ = {isa = PBXFileReference; name = "CDVBattery.m"; path = "cordova-plugin-battery-status/CDVBattery.m"; sourceTree = "<group>"; fileEncoding = 4; lastKnownFileType = sourcecode.c.objc; explicitFileType = undefined; includeInIndex = 0; };
		0CFBDFFC156C40BDBE7C5B40 /* CDVBattery.h */ = {isa = PBXFileReference; name = "CDVBattery.h"; path = "cordova-plugin-battery-status/CDVBattery.h"; sourceTree = "<group>"; fileEncoding = 4; lastKnownFileType = sourcecode.c.h; explicitFileType = undefined; includeInIndex = 0; };
		76B0652330B74387A1B39603 /* UIImage+CropScaleOrientation.m */ = {isa = PBXFileReference; name = "UIImage+CropScaleOrientation.m"; path = "cordova-plugin-camera/UIImage+CropScaleOrientation.m"; sourceTree = "<group>"; fileEncoding = 4; lastKnownFileType = sourcecode.c.objc; explicitFileType = undefined; includeInIndex = 0; };
		C0A0ED8BA9E74AADBC2600CF /* CDVCamera.m */ = {isa = PBXFileReference; name = "CDVCamera.m"; path = "cordova-plugin-camera/CDVCamera.m"; sourceTree = "<group>"; fileEncoding = 4; lastKnownFileType = sourcecode.c.objc; explicitFileType = undefined; includeInIndex = 0; };
		5F85988A66784F75B290FD7A /* CDVJpegHeaderWriter.m */ = {isa = PBXFileReference; name = "CDVJpegHeaderWriter.m"; path = "cordova-plugin-camera/CDVJpegHeaderWriter.m"; sourceTree = "<group>"; fileEncoding = 4; lastKnownFileType = sourcecode.c.objc; explicitFileType = undefined; includeInIndex = 0; };
		3FED8BC88A384E63AC1070A2 /* UIImage+CropScaleOrientation.h */ = {isa = PBXFileReference; name = "UIImage+CropScaleOrientation.h"; path = "cordova-plugin-camera/UIImage+CropScaleOrientation.h"; sourceTree = "<group>"; fileEncoding = 4; lastKnownFileType = sourcecode.c.h; explicitFileType = undefined; includeInIndex = 0; };
		64AF94AD7E8F40079B03A2C1 /* CDVCamera.h */ = {isa = PBXFileReference; name = "CDVCamera.h"; path = "cordova-plugin-camera/CDVCamera.h"; sourceTree = "<group>"; fileEncoding = 4; lastKnownFileType = sourcecode.c.h; explicitFileType = undefined; includeInIndex = 0; };
		8C3930F17C4D419E905BF1D8 /* CDVJpegHeaderWriter.h */ = {isa = PBXFileReference; name = "CDVJpegHeaderWriter.h"; path = "cordova-plugin-camera/CDVJpegHeaderWriter.h"; sourceTree = "<group>"; fileEncoding = 4; lastKnownFileType = sourcecode.c.h; explicitFileType = undefined; includeInIndex = 0; };
		CF8EEC3ACBC54FBCA979825A /* CDVExif.h */ = {isa = PBXFileReference; name = "CDVExif.h"; path = "cordova-plugin-camera/CDVExif.h"; sourceTree = "<group>"; fileEncoding = 4; lastKnownFileType = sourcecode.c.h; explicitFileType = undefined; includeInIndex = 0; };
		BC90691306354F8C96B8B44F /* ImageIO.framework */ = {isa = PBXFileReference; name = "ImageIO.framework"; path = "System/Library/Frameworks/ImageIO.framework"; sourceTree = SDKROOT; fileEncoding = undefined; lastKnownFileType = wrapper.framework; explicitFileType = undefined; includeInIndex = 0; };
		BA6A5493120345828FE64CB0 /* CoreLocation.framework */ = {isa = PBXFileReference; name = "CoreLocation.framework"; path = "System/Library/Frameworks/CoreLocation.framework"; sourceTree = SDKROOT; fileEncoding = undefined; lastKnownFileType = wrapper.framework; explicitFileType = undefined; includeInIndex = 0; };
		C3ACCF3E91F140F8B09ABFD8 /* AVFoundation.framework */ = {isa = PBXFileReference; name = "AVFoundation.framework"; path = "System/Library/Frameworks/AVFoundation.framework"; sourceTree = SDKROOT; fileEncoding = undefined; lastKnownFileType = wrapper.framework; explicitFileType = undefined; includeInIndex = 0; };
		B356873D94704BD981829558 /* CDVFile.m */ = {isa = PBXFileReference; name = "CDVFile.m"; path = "cordova-plugin-file/CDVFile.m"; sourceTree = "<group>"; fileEncoding = 4; lastKnownFileType = sourcecode.c.objc; explicitFileType = undefined; includeInIndex = 0; };
		E2A90A5DE89845459CCE8208 /* CDVLocalFilesystem.m */ = {isa = PBXFileReference; name = "CDVLocalFilesystem.m"; path = "cordova-plugin-file/CDVLocalFilesystem.m"; sourceTree = "<group>"; fileEncoding = 4; lastKnownFileType = sourcecode.c.objc; explicitFileType = undefined; includeInIndex = 0; };
		DB1575DCA77D400C963510EB /* CDVAssetLibraryFilesystem.m */ = {isa = PBXFileReference; name = "CDVAssetLibraryFilesystem.m"; path = "cordova-plugin-file/CDVAssetLibraryFilesystem.m"; sourceTree = "<group>"; fileEncoding = 4; lastKnownFileType = sourcecode.c.objc; explicitFileType = undefined; includeInIndex = 0; };
		821E3AE91C394AC4A332B1E5 /* CDVFile.h */ = {isa = PBXFileReference; name = "CDVFile.h"; path = "cordova-plugin-file/CDVFile.h"; sourceTree = "<group>"; fileEncoding = 4; lastKnownFileType = sourcecode.c.h; explicitFileType = undefined; includeInIndex = 0; };
		5BBB1957B6E3449593E23264 /* CDVLocalFilesystem.h */ = {isa = PBXFileReference; name = "CDVLocalFilesystem.h"; path = "cordova-plugin-file/CDVLocalFilesystem.h"; sourceTree = "<group>"; fileEncoding = 4; lastKnownFileType = sourcecode.c.h; explicitFileType = undefined; includeInIndex = 0; };
		542EFC372C6A4FEC966130B6 /* CDVAssetLibraryFilesystem.h */ = {isa = PBXFileReference; name = "CDVAssetLibraryFilesystem.h"; path = "cordova-plugin-file/CDVAssetLibraryFilesystem.h"; sourceTree = "<group>"; fileEncoding = 4; lastKnownFileType = sourcecode.c.h; explicitFileType = undefined; includeInIndex = 0; };
		1744205C2FF34551ADDF892E /* CDVCapture.m */ = {isa = PBXFileReference; name = "CDVCapture.m"; path = "cordova-plugin-media-capture/CDVCapture.m"; sourceTree = "<group>"; fileEncoding = 4; lastKnownFileType = sourcecode.c.objc; explicitFileType = undefined; includeInIndex = 0; };
		D20100BB7AD34585AD2D3B3C /* CDVCapture.h */ = {isa = PBXFileReference; name = "CDVCapture.h"; path = "cordova-plugin-media-capture/CDVCapture.h"; sourceTree = "<group>"; fileEncoding = 4; lastKnownFileType = sourcecode.c.h; explicitFileType = undefined; includeInIndex = 0; };
		D97CB0623D864632A819F047 /* CDVCapture.bundle */ = {isa = PBXFileReference; name = "CDVCapture.bundle"; path = "CDVCapture.bundle"; sourceTree = "<group>"; fileEncoding = undefined; lastKnownFileType = wrapper.plug-in; explicitFileType = undefined; includeInIndex = 0; };
		E1E0E18E1DC34BD5A6B72EEA /* CDVLogger.m */ = {isa = PBXFileReference; name = "CDVLogger.m"; path = "cordova-plugin-console/CDVLogger.m"; sourceTree = "<group>"; fileEncoding = 4; lastKnownFileType = sourcecode.c.objc; explicitFileType = undefined; includeInIndex = 0; };
		CBA55D812C514AABAE7E277E /* CDVLogger.h */ = {isa = PBXFileReference; name = "CDVLogger.h"; path = "cordova-plugin-console/CDVLogger.h"; sourceTree = "<group>"; fileEncoding = 4; lastKnownFileType = sourcecode.c.h; explicitFileType = undefined; includeInIndex = 0; };
		934420B7E68441A1BA6DBFC5 /* CDVContacts.m */ = {isa = PBXFileReference; name = "CDVContacts.m"; path = "cordova-plugin-contacts/CDVContacts.m"; sourceTree = "<group>"; fileEncoding = 4; lastKnownFileType = sourcecode.c.objc; explicitFileType = undefined; includeInIndex = 0; };
		D8F6973EC4C74B98AE5A137B /* CDVContact.m */ = {isa = PBXFileReference; name = "CDVContact.m"; path = "cordova-plugin-contacts/CDVContact.m"; sourceTree = "<group>"; fileEncoding = 4; lastKnownFileType = sourcecode.c.objc; explicitFileType = undefined; includeInIndex = 0; };
		DF939D7DE4F74D62B027E776 /* CDVContacts.h */ = {isa = PBXFileReference; name = "CDVContacts.h"; path = "cordova-plugin-contacts/CDVContacts.h"; sourceTree = "<group>"; fileEncoding = 4; lastKnownFileType = sourcecode.c.h; explicitFileType = undefined; includeInIndex = 0; };
		90941945837A4678AA7E74AB /* CDVContact.h */ = {isa = PBXFileReference; name = "CDVContact.h"; path = "cordova-plugin-contacts/CDVContact.h"; sourceTree = "<group>"; fileEncoding = 4; lastKnownFileType = sourcecode.c.h; explicitFileType = undefined; includeInIndex = 0; };
		7F9EBC63C79146E1A4EFA0E7 /* AddressBook.framework */ = {isa = PBXFileReference; name = "AddressBook.framework"; path = "System/Library/Frameworks/AddressBook.framework"; sourceTree = SDKROOT; fileEncoding = undefined; lastKnownFileType = wrapper.framework; explicitFileType = undefined; includeInIndex = 0; };
		254BA6FCB75441BA9EE8DB43 /* AddressBookUI.framework */ = {isa = PBXFileReference; name = "AddressBookUI.framework"; path = "System/Library/Frameworks/AddressBookUI.framework"; sourceTree = SDKROOT; fileEncoding = undefined; lastKnownFileType = wrapper.framework; explicitFileType = undefined; includeInIndex = 0; };
		E4CA52C46F3D4A959590836A /* CDVDevice.m */ = {isa = PBXFileReference; name = "CDVDevice.m"; path = "cordova-plugin-device/CDVDevice.m"; sourceTree = "<group>"; fileEncoding = 4; lastKnownFileType = sourcecode.c.objc; explicitFileType = undefined; includeInIndex = 0; };
		20AF211AFB824043984840B4 /* CDVDevice.h */ = {isa = PBXFileReference; name = "CDVDevice.h"; path = "cordova-plugin-device/CDVDevice.h"; sourceTree = "<group>"; fileEncoding = 4; lastKnownFileType = sourcecode.c.h; explicitFileType = undefined; includeInIndex = 0; };
		57C679F50355461F961295E7 /* CDVAccelerometer.m */ = {isa = PBXFileReference; name = "CDVAccelerometer.m"; path = "cordova-plugin-device-motion/CDVAccelerometer.m"; sourceTree = "<group>"; fileEncoding = 4; lastKnownFileType = sourcecode.c.objc; explicitFileType = undefined; includeInIndex = 0; };
		E12C2CC654E94E5AB4BA0ABE /* CDVAccelerometer.h */ = {isa = PBXFileReference; name = "CDVAccelerometer.h"; path = "cordova-plugin-device-motion/CDVAccelerometer.h"; sourceTree = "<group>"; fileEncoding = 4; lastKnownFileType = sourcecode.c.h; explicitFileType = undefined; includeInIndex = 0; };
		D92E8A038A514C39B0EE432D /* CoreMotion.framework */ = {isa = PBXFileReference; name = "CoreMotion.framework"; path = "System/Library/Frameworks/CoreMotion.framework"; sourceTree = SDKROOT; fileEncoding = undefined; lastKnownFileType = wrapper.framework; explicitFileType = undefined; includeInIndex = 0; };
		059220BB05DE4245B84DFC86 /* CDVCompass.m */ = {isa = PBXFileReference; name = "CDVCompass.m"; path = "cordova-plugin-device-orientation/CDVCompass.m"; sourceTree = "<group>"; fileEncoding = 4; lastKnownFileType = sourcecode.c.objc; explicitFileType = undefined; includeInIndex = 0; };
		1BE9F1AFDFFF4D9C85131BE0 /* CDVCompass.h */ = {isa = PBXFileReference; name = "CDVCompass.h"; path = "cordova-plugin-device-orientation/CDVCompass.h"; sourceTree = "<group>"; fileEncoding = 4; lastKnownFileType = sourcecode.c.h; explicitFileType = undefined; includeInIndex = 0; };
		A92AF123CAA043A8ABF52051 /* CDVNotification.m */ = {isa = PBXFileReference; name = "CDVNotification.m"; path = "cordova-plugin-dialogs/CDVNotification.m"; sourceTree = "<group>"; fileEncoding = 4; lastKnownFileType = sourcecode.c.objc; explicitFileType = undefined; includeInIndex = 0; };
		41703DA3D80340AD83CA4468 /* CDVNotification.h */ = {isa = PBXFileReference; name = "CDVNotification.h"; path = "cordova-plugin-dialogs/CDVNotification.h"; sourceTree = "<group>"; fileEncoding = 4; lastKnownFileType = sourcecode.c.h; explicitFileType = undefined; includeInIndex = 0; };
		04D4957A2EAA4D7DB8C251B8 /* CDVNotification.bundle */ = {isa = PBXFileReference; name = "CDVNotification.bundle"; path = "CDVNotification.bundle"; sourceTree = "<group>"; fileEncoding = undefined; lastKnownFileType = wrapper.plug-in; explicitFileType = undefined; includeInIndex = 0; };
		31D4934C2BB740C88D63B3A2 /* AudioToolbox.framework */ = {isa = PBXFileReference; name = "AudioToolbox.framework"; path = "System/Library/Frameworks/AudioToolbox.framework"; sourceTree = SDKROOT; fileEncoding = undefined; lastKnownFileType = wrapper.framework; explicitFileType = undefined; includeInIndex = 0; };
		4EE623AC6C71435E8390A611 /* CDVFileTransfer.m */ = {isa = PBXFileReference; name = "CDVFileTransfer.m"; path = "cordova-plugin-file-transfer/CDVFileTransfer.m"; sourceTree = "<group>"; fileEncoding = 4; lastKnownFileType = sourcecode.c.objc; explicitFileType = undefined; includeInIndex = 0; };
		198BAD6F3A8645289BE7142E /* CDVFileTransfer.h */ = {isa = PBXFileReference; name = "CDVFileTransfer.h"; path = "cordova-plugin-file-transfer/CDVFileTransfer.h"; sourceTree = "<group>"; fileEncoding = 4; lastKnownFileType = sourcecode.c.h; explicitFileType = undefined; includeInIndex = 0; };
		D057664457D945EAAD6A3EC0 /* CDVLocation.m */ = {isa = PBXFileReference; name = "CDVLocation.m"; path = "cordova-plugin-geolocation/CDVLocation.m"; sourceTree = "<group>"; fileEncoding = 4; lastKnownFileType = sourcecode.c.objc; explicitFileType = undefined; includeInIndex = 0; };
		B9A86174480349A4B27A3D5C /* CDVLocation.h */ = {isa = PBXFileReference; name = "CDVLocation.h"; path = "cordova-plugin-geolocation/CDVLocation.h"; sourceTree = "<group>"; fileEncoding = 4; lastKnownFileType = sourcecode.c.h; explicitFileType = undefined; includeInIndex = 0; };
		26BA0E6F2B1E40F7B7721A3B /* CDVGlobalization.m */ = {isa = PBXFileReference; name = "CDVGlobalization.m"; path = "cordova-plugin-globalization/CDVGlobalization.m"; sourceTree = "<group>"; fileEncoding = 4; lastKnownFileType = sourcecode.c.objc; explicitFileType = undefined; includeInIndex = 0; };
		75D1DDE452FC4842A021D495 /* CDVGlobalization.h */ = {isa = PBXFileReference; name = "CDVGlobalization.h"; path = "cordova-plugin-globalization/CDVGlobalization.h"; sourceTree = "<group>"; fileEncoding = 4; lastKnownFileType = sourcecode.c.h; explicitFileType = undefined; includeInIndex = 0; };
		2C73C92DDDE946D5AEA4A5F8 /* CDVInAppBrowser.m */ = {isa = PBXFileReference; name = "CDVInAppBrowser.m"; path = "cordova-plugin-inappbrowser/CDVInAppBrowser.m"; sourceTree = "<group>"; fileEncoding = 4; lastKnownFileType = sourcecode.c.objc; explicitFileType = undefined; includeInIndex = 0; };
		0900801B797C4B3381E7984F /* CDVInAppBrowser.h */ = {isa = PBXFileReference; name = "CDVInAppBrowser.h"; path = "cordova-plugin-inappbrowser/CDVInAppBrowser.h"; sourceTree = "<group>"; fileEncoding = 4; lastKnownFileType = sourcecode.c.h; explicitFileType = undefined; includeInIndex = 0; };
		60986DCAF6D84CEC843B64FB /* CDVSound.m */ = {isa = PBXFileReference; name = "CDVSound.m"; path = "cordova-plugin-media/CDVSound.m"; sourceTree = "<group>"; fileEncoding = 4; lastKnownFileType = sourcecode.c.objc; explicitFileType = undefined; includeInIndex = 0; };
		D972412C1F15444F8F7CA02D /* CDVSound.h */ = {isa = PBXFileReference; name = "CDVSound.h"; path = "cordova-plugin-media/CDVSound.h"; sourceTree = "<group>"; fileEncoding = 4; lastKnownFileType = sourcecode.c.h; explicitFileType = undefined; includeInIndex = 0; };
		F0723A36B3F94D458AEA2692 /* CDVConnection.m */ = {isa = PBXFileReference; name = "CDVConnection.m"; path = "cordova-plugin-network-information/CDVConnection.m"; sourceTree = "<group>"; fileEncoding = 4; lastKnownFileType = sourcecode.c.objc; explicitFileType = undefined; includeInIndex = 0; };
		30BF1FE569094ADC8F55CD92 /* CDVReachability.m */ = {isa = PBXFileReference; name = "CDVReachability.m"; path = "cordova-plugin-network-information/CDVReachability.m"; sourceTree = "<group>"; fileEncoding = 4; lastKnownFileType = sourcecode.c.objc; explicitFileType = undefined; includeInIndex = 0; };
		9A22FEC91A3A40039D59AF42 /* CDVConnection.h */ = {isa = PBXFileReference; name = "CDVConnection.h"; path = "cordova-plugin-network-information/CDVConnection.h"; sourceTree = "<group>"; fileEncoding = 4; lastKnownFileType = sourcecode.c.h; explicitFileType = undefined; includeInIndex = 0; };
		B7F021D5E07041C5B08B24A1 /* CDVReachability.h */ = {isa = PBXFileReference; name = "CDVReachability.h"; path = "cordova-plugin-network-information/CDVReachability.h"; sourceTree = "<group>"; fileEncoding = 4; lastKnownFileType = sourcecode.c.h; explicitFileType = undefined; includeInIndex = 0; };
		452FB7D6CBDF49A1907D6CC8 /* SystemConfiguration.framework */ = {isa = PBXFileReference; name = "SystemConfiguration.framework"; path = "System/Library/Frameworks/SystemConfiguration.framework"; sourceTree = SDKROOT; fileEncoding = undefined; lastKnownFileType = wrapper.framework; explicitFileType = undefined; includeInIndex = 0; };
		75573FC695AA40F1B15F719F /* CoreTelephony.framework */ = {isa = PBXFileReference; name = "CoreTelephony.framework"; path = "System/Library/Frameworks/CoreTelephony.framework"; sourceTree = SDKROOT; fileEncoding = undefined; lastKnownFileType = wrapper.framework; explicitFileType = undefined; includeInIndex = 0; };
		CF0C23D7F3D74966A2E7D5CE /* CDVSplashScreen.m */ = {isa = PBXFileReference; name = "CDVSplashScreen.m"; path = "cordova-plugin-splashscreen/CDVSplashScreen.m"; sourceTree = "<group>"; fileEncoding = 4; lastKnownFileType = sourcecode.c.objc; explicitFileType = undefined; includeInIndex = 0; };
		B61E105C00054A6C955121B3 /* CDVViewController+SplashScreen.m */ = {isa = PBXFileReference; name = "CDVViewController+SplashScreen.m"; path = "cordova-plugin-splashscreen/CDVViewController+SplashScreen.m"; sourceTree = "<group>"; fileEncoding = 4; lastKnownFileType = sourcecode.c.objc; explicitFileType = undefined; includeInIndex = 0; };
		CA3F38DD82F04EBD936BA97A /* CDVSplashScreen.h */ = {isa = PBXFileReference; name = "CDVSplashScreen.h"; path = "cordova-plugin-splashscreen/CDVSplashScreen.h"; sourceTree = "<group>"; fileEncoding = 4; lastKnownFileType = sourcecode.c.h; explicitFileType = undefined; includeInIndex = 0; };
		F91E9C3F254A4D78B2EBBEA9 /* CDVViewController+SplashScreen.h */ = {isa = PBXFileReference; name = "CDVViewController+SplashScreen.h"; path = "cordova-plugin-splashscreen/CDVViewController+SplashScreen.h"; sourceTree = "<group>"; fileEncoding = 4; lastKnownFileType = sourcecode.c.h; explicitFileType = undefined; includeInIndex = 0; };
		AAA53ED5E86C453ABD4D868A /* CDVStatusBar.m */ = {isa = PBXFileReference; name = "CDVStatusBar.m"; path = "cordova-plugin-statusbar/CDVStatusBar.m"; sourceTree = "<group>"; fileEncoding = 4; lastKnownFileType = sourcecode.c.objc; explicitFileType = undefined; includeInIndex = 0; };
		BEA2793A6DF040FAB26A697A /* CDVStatusBar.h */ = {isa = PBXFileReference; name = "CDVStatusBar.h"; path = "cordova-plugin-statusbar/CDVStatusBar.h"; sourceTree = "<group>"; fileEncoding = 4; lastKnownFileType = sourcecode.c.h; explicitFileType = undefined; includeInIndex = 0; };
		68827A10C58A4DE9894B07C1 /* CDVVibration.m */ = {isa = PBXFileReference; name = "CDVVibration.m"; path = "cordova-plugin-vibration/CDVVibration.m"; sourceTree = "<group>"; fileEncoding = 4; lastKnownFileType = sourcecode.c.objc; explicitFileType = undefined; includeInIndex = 0; };
		2741105F3D1947908A647D91 /* CDVVibration.h */ = {isa = PBXFileReference; name = "CDVVibration.h"; path = "cordova-plugin-vibration/CDVVibration.h"; sourceTree = "<group>"; fileEncoding = 4; lastKnownFileType = sourcecode.c.h; explicitFileType = undefined; includeInIndex = 0; };
		B537F3D7F808452BA605651A /* AppDelegate+notification.m */ = {isa = PBXFileReference; name = "AppDelegate+notification.m"; path = "phonegap-plugin-push/AppDelegate+notification.m"; sourceTree = "<group>"; fileEncoding = 4; lastKnownFileType = sourcecode.c.objc; explicitFileType = undefined; includeInIndex = 0; };
		A367DF7EB596467483879DD8 /* PushPlugin.m */ = {isa = PBXFileReference; name = "PushPlugin.m"; path = "phonegap-plugin-push/PushPlugin.m"; sourceTree = "<group>"; fileEncoding = 4; lastKnownFileType = sourcecode.c.objc; explicitFileType = undefined; includeInIndex = 0; };
		D957604C7B5347C2AE2DDDEB /* libGGLCloudMessaging.a */ = {isa = PBXFileReference; name = "libGGLCloudMessaging.a"; path = "Hello World/Plugins/phonegap-plugin-push/GCM/Libraries/libGGLCloudMessaging.a"; sourceTree = "<group>"; fileEncoding = undefined; lastKnownFileType = archive.ar; explicitFileType = undefined; includeInIndex = 0; };
		7C3AE2F0C6324938A0F1B5F5 /* libGGLCore.a */ = {isa = PBXFileReference; name = "libGGLCore.a"; path = "Hello World/Plugins/phonegap-plugin-push/GCM/Libraries/libGGLCore.a"; sourceTree = "<group>"; fileEncoding = undefined; lastKnownFileType = archive.ar; explicitFileType = undefined; includeInIndex = 0; };
		7F39DD4CD8274576A1FE9FEF /* libGGLInstanceIDLib.a */ = {isa = PBXFileReference; name = "libGGLInstanceIDLib.a"; path = "Hello World/Plugins/phonegap-plugin-push/GCM/Libraries/libGGLInstanceIDLib.a"; sourceTree = "<group>"; fileEncoding = undefined; lastKnownFileType = archive.ar; explicitFileType = undefined; includeInIndex = 0; };
		AA8EBED5EAD44CA68FD69462 /* libGIP_Reachability.a */ = {isa = PBXFileReference; name = "libGIP_Reachability.a"; path = "Hello World/Plugins/phonegap-plugin-push/GCM/Libraries/libGIP_Reachability.a"; sourceTree = "<group>"; fileEncoding = undefined; lastKnownFileType = archive.ar; explicitFileType = undefined; includeInIndex = 0; };
		F0CE660A822C4EDFB2B3FECC /* libGSDK_Overload.a */ = {isa = PBXFileReference; name = "libGSDK_Overload.a"; path = "Hello World/Plugins/phonegap-plugin-push/GCM/Libraries/libGSDK_Overload.a"; sourceTree = "<group>"; fileEncoding = undefined; lastKnownFileType = archive.ar; explicitFileType = undefined; includeInIndex = 0; };
		DB638519B9DD4810BE3ACC3C /* libGTMSessionFetcher_core.a */ = {isa = PBXFileReference; name = "libGTMSessionFetcher_core.a"; path = "Hello World/Plugins/phonegap-plugin-push/GCM/Libraries/libGTMSessionFetcher_core.a"; sourceTree = "<group>"; fileEncoding = undefined; lastKnownFileType = archive.ar; explicitFileType = undefined; includeInIndex = 0; };
		F194902E9ABF4387AC5AF97E /* libGTMSessionFetcher_full.a */ = {isa = PBXFileReference; name = "libGTMSessionFetcher_full.a"; path = "Hello World/Plugins/phonegap-plugin-push/GCM/Libraries/libGTMSessionFetcher_full.a"; sourceTree = "<group>"; fileEncoding = undefined; lastKnownFileType = archive.ar; explicitFileType = undefined; includeInIndex = 0; };
		C21103EE21284FBFBE347E45 /* libGTMStackTrace.a */ = {isa = PBXFileReference; name = "libGTMStackTrace.a"; path = "Hello World/Plugins/phonegap-plugin-push/GCM/Libraries/libGTMStackTrace.a"; sourceTree = "<group>"; fileEncoding = undefined; lastKnownFileType = archive.ar; explicitFileType = undefined; includeInIndex = 0; };
		8129981E34454109A3B09C24 /* libGTM_AddressBook.a */ = {isa = PBXFileReference; name = "libGTM_AddressBook.a"; path = "Hello World/Plugins/phonegap-plugin-push/GCM/Libraries/libGTM_AddressBook.a"; sourceTree = "<group>"; fileEncoding = undefined; lastKnownFileType = archive.ar; explicitFileType = undefined; includeInIndex = 0; };
		5D624A4626AC4E4D99523972 /* libGTM_DebugUtils.a */ = {isa = PBXFileReference; name = "libGTM_DebugUtils.a"; path = "Hello World/Plugins/phonegap-plugin-push/GCM/Libraries/libGTM_DebugUtils.a"; sourceTree = "<group>"; fileEncoding = undefined; lastKnownFileType = archive.ar; explicitFileType = undefined; includeInIndex = 0; };
		FA4E785071EF47BAA61148A9 /* libGTM_GTMURLBuilder.a */ = {isa = PBXFileReference; name = "libGTM_GTMURLBuilder.a"; path = "Hello World/Plugins/phonegap-plugin-push/GCM/Libraries/libGTM_GTMURLBuilder.a"; sourceTree = "<group>"; fileEncoding = undefined; lastKnownFileType = archive.ar; explicitFileType = undefined; includeInIndex = 0; };
		03B00A4DDD53424C93D5CC0F /* libGTM_KVO.a */ = {isa = PBXFileReference; name = "libGTM_KVO.a"; path = "Hello World/Plugins/phonegap-plugin-push/GCM/Libraries/libGTM_KVO.a"; sourceTree = "<group>"; fileEncoding = undefined; lastKnownFileType = archive.ar; explicitFileType = undefined; includeInIndex = 0; };
		6DADDB1B9A4D4C27B9F8137D /* libGTM_NSData+zlib.a */ = {isa = PBXFileReference; name = "libGTM_NSData+zlib.a"; path = "Hello World/Plugins/phonegap-plugin-push/GCM/Libraries/libGTM_NSData+zlib.a"; sourceTree = "<group>"; fileEncoding = undefined; lastKnownFileType = archive.ar; explicitFileType = undefined; includeInIndex = 0; };
		2D2E01D4D53F4C6B98340624 /* libGTM_NSDictionary+URLArguments.a */ = {isa = PBXFileReference; name = "libGTM_NSDictionary+URLArguments.a"; path = "Hello World/Plugins/phonegap-plugin-push/GCM/Libraries/libGTM_NSDictionary+URLArguments.a"; sourceTree = "<group>"; fileEncoding = undefined; lastKnownFileType = archive.ar; explicitFileType = undefined; includeInIndex = 0; };
		604CE8E0ECA1438790A47FE9 /* libGTM_NSScannerJSON.a */ = {isa = PBXFileReference; name = "libGTM_NSScannerJSON.a"; path = "Hello World/Plugins/phonegap-plugin-push/GCM/Libraries/libGTM_NSScannerJSON.a"; sourceTree = "<group>"; fileEncoding = undefined; lastKnownFileType = archive.ar; explicitFileType = undefined; includeInIndex = 0; };
		A859F8BA81E14A98BF7D2835 /* libGTM_NSStringHTML.a */ = {isa = PBXFileReference; name = "libGTM_NSStringHTML.a"; path = "Hello World/Plugins/phonegap-plugin-push/GCM/Libraries/libGTM_NSStringHTML.a"; sourceTree = "<group>"; fileEncoding = undefined; lastKnownFileType = archive.ar; explicitFileType = undefined; includeInIndex = 0; };
		351CDA49C95E42E3983D7133 /* libGTM_NSStringXML.a */ = {isa = PBXFileReference; name = "libGTM_NSStringXML.a"; path = "Hello World/Plugins/phonegap-plugin-push/GCM/Libraries/libGTM_NSStringXML.a"; sourceTree = "<group>"; fileEncoding = undefined; lastKnownFileType = archive.ar; explicitFileType = undefined; includeInIndex = 0; };
		0513329BC01F42949AED5137 /* libGTM_Regex.a */ = {isa = PBXFileReference; name = "libGTM_Regex.a"; path = "Hello World/Plugins/phonegap-plugin-push/GCM/Libraries/libGTM_Regex.a"; sourceTree = "<group>"; fileEncoding = undefined; lastKnownFileType = archive.ar; explicitFileType = undefined; includeInIndex = 0; };
		A549CCE0919D4C8BBAA4F8E8 /* libGTM_RoundedRectPath.a */ = {isa = PBXFileReference; name = "libGTM_RoundedRectPath.a"; path = "Hello World/Plugins/phonegap-plugin-push/GCM/Libraries/libGTM_RoundedRectPath.a"; sourceTree = "<group>"; fileEncoding = undefined; lastKnownFileType = archive.ar; explicitFileType = undefined; includeInIndex = 0; };
		A12F2B9FC3D3449BBB2B4103 /* libGTM_StringEncoding.a */ = {isa = PBXFileReference; name = "libGTM_StringEncoding.a"; path = "Hello World/Plugins/phonegap-plugin-push/GCM/Libraries/libGTM_StringEncoding.a"; sourceTree = "<group>"; fileEncoding = undefined; lastKnownFileType = archive.ar; explicitFileType = undefined; includeInIndex = 0; };
		6F851C2F048C41039A12B334 /* libGTM_SystemVersion.a */ = {isa = PBXFileReference; name = "libGTM_SystemVersion.a"; path = "Hello World/Plugins/phonegap-plugin-push/GCM/Libraries/libGTM_SystemVersion.a"; sourceTree = "<group>"; fileEncoding = undefined; lastKnownFileType = archive.ar; explicitFileType = undefined; includeInIndex = 0; };
		5D6745DD80164B0B8019AD83 /* libGTM_UIFont+LineHeight.a */ = {isa = PBXFileReference; name = "libGTM_UIFont+LineHeight.a"; path = "Hello World/Plugins/phonegap-plugin-push/GCM/Libraries/libGTM_UIFont+LineHeight.a"; sourceTree = "<group>"; fileEncoding = undefined; lastKnownFileType = archive.ar; explicitFileType = undefined; includeInIndex = 0; };
		C800A2B4164A43BCBB0B7A65 /* libGTM_core.a */ = {isa = PBXFileReference; name = "libGTM_core.a"; path = "Hello World/Plugins/phonegap-plugin-push/GCM/Libraries/libGTM_core.a"; sourceTree = "<group>"; fileEncoding = undefined; lastKnownFileType = archive.ar; explicitFileType = undefined; includeInIndex = 0; };
		7B83E4CFFD4744FD8EC75255 /* libGTM_iPhone.a */ = {isa = PBXFileReference; name = "libGTM_iPhone.a"; path = "Hello World/Plugins/phonegap-plugin-push/GCM/Libraries/libGTM_iPhone.a"; sourceTree = "<group>"; fileEncoding = undefined; lastKnownFileType = archive.ar; explicitFileType = undefined; includeInIndex = 0; };
		05B818CCF8004787BA9A6C77 /* libGcmLib.a */ = {isa = PBXFileReference; name = "libGcmLib.a"; path = "Hello World/Plugins/phonegap-plugin-push/GCM/Libraries/libGcmLib.a"; sourceTree = "<group>"; fileEncoding = undefined; lastKnownFileType = archive.ar; explicitFileType = undefined; includeInIndex = 0; };
		4BF85EAAF0EF4C7F82F58AE9 /* libProtocolBuffers.a */ = {isa = PBXFileReference; name = "libProtocolBuffers.a"; path = "Hello World/Plugins/phonegap-plugin-push/GCM/Libraries/libProtocolBuffers.a"; sourceTree = "<group>"; fileEncoding = undefined; lastKnownFileType = archive.ar; explicitFileType = undefined; includeInIndex = 0; };
		F19FEEDB0F4C4E02B67CFCB6 /* AppDelegate+notification.h */ = {isa = PBXFileReference; name = "AppDelegate+notification.h"; path = "phonegap-plugin-push/AppDelegate+notification.h"; sourceTree = "<group>"; fileEncoding = 4; lastKnownFileType = sourcecode.c.h; explicitFileType = undefined; includeInIndex = 0; };
		E42B795D33C74CE28A5810BA /* PushPlugin.h */ = {isa = PBXFileReference; name = "PushPlugin.h"; path = "phonegap-plugin-push/PushPlugin.h"; sourceTree = "<group>"; fileEncoding = 4; lastKnownFileType = sourcecode.c.h; explicitFileType = undefined; includeInIndex = 0; };
		F9DB1E787D1642EA9F410944 /* GGLInstanceID.h */ = {isa = PBXFileReference; name = "GGLInstanceID.h"; path = "phonegap-plugin-push/GCM/Headers/GGLInstanceID.h"; sourceTree = "<group>"; fileEncoding = 4; lastKnownFileType = sourcecode.c.h; explicitFileType = undefined; includeInIndex = 0; };
		6B2D72139C504FE38352DFBD /* GGLInstanceIDConfig.h */ = {isa = PBXFileReference; name = "GGLInstanceIDConfig.h"; path = "phonegap-plugin-push/GCM/Headers/GGLInstanceIDConfig.h"; sourceTree = "<group>"; fileEncoding = 4; lastKnownFileType = sourcecode.c.h; explicitFileType = undefined; includeInIndex = 0; };
		4FF2B4BF3C8D46B2A5FFBD8F /* GGLInstanceIDDelegate.h */ = {isa = PBXFileReference; name = "GGLInstanceIDDelegate.h"; path = "phonegap-plugin-push/GCM/Headers/GGLInstanceIDDelegate.h"; sourceTree = "<group>"; fileEncoding = 4; lastKnownFileType = sourcecode.c.h; explicitFileType = undefined; includeInIndex = 0; };
		D61F6E63779445168FA632E3 /* GGLInstanceIDHeaders.h */ = {isa = PBXFileReference; name = "GGLInstanceIDHeaders.h"; path = "phonegap-plugin-push/GCM/Headers/GGLInstanceIDHeaders.h"; sourceTree = "<group>"; fileEncoding = 4; lastKnownFileType = sourcecode.c.h; explicitFileType = undefined; includeInIndex = 0; };
		9A5BBCFED0144D44B045BBAB /* CloudMessaging.h */ = {isa = PBXFileReference; name = "CloudMessaging.h"; path = "phonegap-plugin-push/GCM/Headers/CloudMessaging.h"; sourceTree = "<group>"; fileEncoding = 4; lastKnownFileType = sourcecode.c.h; explicitFileType = undefined; includeInIndex = 0; };
		9D117987A96A46E5BF245260 /* GGLContext+CloudMessaging.h */ = {isa = PBXFileReference; name = "GGLContext+CloudMessaging.h"; path = "phonegap-plugin-push/GCM/Headers/GGLContext+CloudMessaging.h"; sourceTree = "<group>"; fileEncoding = 4; lastKnownFileType = sourcecode.c.h; explicitFileType = undefined; includeInIndex = 0; };
		DD4E9D44C0524F40A4ABEF74 /* Core.h */ = {isa = PBXFileReference; name = "Core.h"; path = "phonegap-plugin-push/GCM/Headers/Core.h"; sourceTree = "<group>"; fileEncoding = 4; lastKnownFileType = sourcecode.c.h; explicitFileType = undefined; includeInIndex = 0; };
		5B4C502C1ADB4C6389A2D0C3 /* GGLConfiguration.h */ = {isa = PBXFileReference; name = "GGLConfiguration.h"; path = "phonegap-plugin-push/GCM/Headers/GGLConfiguration.h"; sourceTree = "<group>"; fileEncoding = 4; lastKnownFileType = sourcecode.c.h; explicitFileType = undefined; includeInIndex = 0; };
		53720928CC024D04909A9D06 /* GGLContext.h */ = {isa = PBXFileReference; name = "GGLContext.h"; path = "phonegap-plugin-push/GCM/Headers/GGLContext.h"; sourceTree = "<group>"; fileEncoding = 4; lastKnownFileType = sourcecode.c.h; explicitFileType = undefined; includeInIndex = 0; };
		A15A1FE8044740ED893C2D6F /* GGLErrorCode.h */ = {isa = PBXFileReference; name = "GGLErrorCode.h"; path = "phonegap-plugin-push/GCM/Headers/GGLErrorCode.h"; sourceTree = "<group>"; fileEncoding = 4; lastKnownFileType = sourcecode.c.h; explicitFileType = undefined; includeInIndex = 0; };
		1EA614D362FE4F3DBF551704 /* GCMConfig.h */ = {isa = PBXFileReference; name = "GCMConfig.h"; path = "phonegap-plugin-push/GCM/Headers/GCMConfig.h"; sourceTree = "<group>"; fileEncoding = 4; lastKnownFileType = sourcecode.c.h; explicitFileType = undefined; includeInIndex = 0; };
		87477A9157DD4C869BD2FBE8 /* GCMPubSub.h */ = {isa = PBXFileReference; name = "GCMPubSub.h"; path = "phonegap-plugin-push/GCM/Headers/GCMPubSub.h"; sourceTree = "<group>"; fileEncoding = 4; lastKnownFileType = sourcecode.c.h; explicitFileType = undefined; includeInIndex = 0; };
		7D623BC58AE2409096143CC9 /* GCMReceiverDelegate.h */ = {isa = PBXFileReference; name = "GCMReceiverDelegate.h"; path = "phonegap-plugin-push/GCM/Headers/GCMReceiverDelegate.h"; sourceTree = "<group>"; fileEncoding = 4; lastKnownFileType = sourcecode.c.h; explicitFileType = undefined; includeInIndex = 0; };
		E5FA918AAA4D435E902AADCA /* GCMService.h */ = {isa = PBXFileReference; name = "GCMService.h"; path = "phonegap-plugin-push/GCM/Headers/GCMService.h"; sourceTree = "<group>"; fileEncoding = 4; lastKnownFileType = sourcecode.c.h; explicitFileType = undefined; includeInIndex = 0; };
		619F72E87C814CF99E4B1739 /* GoogleCloudMessaging.h */ = {isa = PBXFileReference; name = "GoogleCloudMessaging.h"; path = "phonegap-plugin-push/GCM/Headers/GoogleCloudMessaging.h"; sourceTree = "<group>"; fileEncoding = 4; lastKnownFileType = sourcecode.c.h; explicitFileType = undefined; includeInIndex = 0; };
		44B3AED9FD6E4217A4351B11 /* libsqlite3.tbd */ = {isa = PBXFileReference; name = "libsqlite3.tbd"; path = "libsqlite3.tbd"; sourceTree = "<group>"; fileEncoding = undefined; lastKnownFileType = unknown; explicitFileType = undefined; includeInIndex = 0; };
		8C516197C2FF4AA884E39A67 /* libz.tbd */ = {isa = PBXFileReference; name = "libz.tbd"; path = "libz.tbd"; sourceTree = "<group>"; fileEncoding = undefined; lastKnownFileType = unknown; explicitFileType = undefined; includeInIndex = 0; };
/* End PBXFileReference section */

/* Begin PBXFrameworksBuildPhase section */
		1D60588F0D05DD3D006BFB54 /* Frameworks */ = {
			isa = PBXFrameworksBuildPhase;
			buildActionMask = 2147483647;
			files = (
				301BF552109A68D80062928A /* libCordova.a in Frameworks */,
				76FB27A9EACE466590BEE39F /* ImageIO.framework in Frameworks */,
				06C29E13769D4D41B42567C9 /* CoreLocation.framework in Frameworks */,
				41E1AD3BA8D24DBD829E972D /* AVFoundation.framework in Frameworks */,
				A1AED5C2F8B04E7EABF4BF57 /* AddressBook.framework in Frameworks */,
				178F04A1EA794766BB0C9CDF /* AddressBookUI.framework in Frameworks */,
				DC2116FA9653463BA36495A9 /* CoreMotion.framework in Frameworks */,
				56F3D5D825454913B79CB5DB /* AudioToolbox.framework in Frameworks */,
				F649CA10CA814A0D9A552F22 /* SystemConfiguration.framework in Frameworks */,
				B38E127868834E4086BE96CA /* CoreTelephony.framework in Frameworks */,
				A51C77F3D5544F5BAC8ECFB4 /* libGGLCloudMessaging.a in Frameworks */,
				60A5A22EC2024A18B03F3BAD /* libGGLCore.a in Frameworks */,
				5460CAA480E34B8AB24125A3 /* libGGLInstanceIDLib.a in Frameworks */,
				FA9EFAD9CCD64E6F98FF48A9 /* libGIP_Reachability.a in Frameworks */,
				4B7FD15D71AC4513973B3FE0 /* libGSDK_Overload.a in Frameworks */,
				7E4FB910ECB9479497A01BFE /* libGTMSessionFetcher_core.a in Frameworks */,
				9911B1EC5E06485CA8D54A21 /* libGTMSessionFetcher_full.a in Frameworks */,
				B1B96F681CC1485F836FF52C /* libGTMStackTrace.a in Frameworks */,
				EEFE954B096440D69AD87B22 /* libGTM_AddressBook.a in Frameworks */,
				DE6BC744B46F4BCF8C153385 /* libGTM_DebugUtils.a in Frameworks */,
				038E3E0302924D338340461E /* libGTM_GTMURLBuilder.a in Frameworks */,
				BF3E0C9FD224444C9982DA15 /* libGTM_KVO.a in Frameworks */,
				07D1E9E2FA524142A2383766 /* libGTM_NSData+zlib.a in Frameworks */,
				072EDD9565E04F0BAC4F6A15 /* libGTM_NSDictionary+URLArguments.a in Frameworks */,
				E7C820FC847E4A4AA4A94F6C /* libGTM_NSScannerJSON.a in Frameworks */,
				FDDDD0CA46624273BBCEAAC3 /* libGTM_NSStringHTML.a in Frameworks */,
				A399ED3DF11B41C5B4E178CE /* libGTM_NSStringXML.a in Frameworks */,
				55EC0B0A3A704883833BB255 /* libGTM_Regex.a in Frameworks */,
				85402879FC864CD089CA9BC0 /* libGTM_RoundedRectPath.a in Frameworks */,
				BA00EE234CED47C5B289EC5C /* libGTM_StringEncoding.a in Frameworks */,
				B3282EC1BC94440FB894C9CF /* libGTM_SystemVersion.a in Frameworks */,
				FDEACFC0392C4B22BC6F4BFB /* libGTM_UIFont+LineHeight.a in Frameworks */,
				78B8A742BF274D72B1696C45 /* libGTM_core.a in Frameworks */,
				0499129FF0C2478F8BB62307 /* libGTM_iPhone.a in Frameworks */,
				C9818CF8D18B4CD986FC516B /* libGcmLib.a in Frameworks */,
				2E2D9E842A11467188B4924D /* libProtocolBuffers.a in Frameworks */,
				A17A4A9D92754B98940A6DDA /* libsqlite3.tbd in Resources */,
				40AA0FEACCB74D3DBF95D1FD /* libz.tbd in Resources */,
			);
			runOnlyForDeploymentPostprocessing = 0;
		};
/* End PBXFrameworksBuildPhase section */

/* Begin PBXGroup section */
		080E96DDFE201D6D7F000001 /* Classes */ = {
			isa = PBXGroup;
			children = (
				302D95EE14D2391D003F00A1 /* MainViewController.h */,
				302D95EF14D2391D003F00A1 /* MainViewController.m */,
				302D95F014D2391D003F00A1 /* MainViewController.xib */,
				1D3623240D0F684500981E51 /* AppDelegate.h */,
				1D3623250D0F684500981E51 /* AppDelegate.m */,
			);
			name = Classes;
			path = "Hello World/Classes";
			sourceTree = SOURCE_ROOT;
		};
		19C28FACFE9D520D11CA2CBB /* Products */ = {
			isa = PBXGroup;
			children = (
				1D6058910D05DD3D006BFB54 /* Hello World.app */,
			);
			name = Products;
			sourceTree = "<group>";
		};
		29B97314FDCFA39411CA2CEA /* CustomTemplate */ = {
			isa = PBXGroup;
			children = (
				EB87FDF41871DAF40020F90C /* config.xml */,
				EB87FDF31871DA8E0020F90C /* www */,
				EB87FDF11871DA420020F90C /* Staging */,
				301BF52D109A57CC0062928A /* CordovaLib.xcodeproj */,
				080E96DDFE201D6D7F000001 /* Classes */,
				307C750510C5A3420062BCA9 /* Plugins */,
				29B97315FDCFA39411CA2CEA /* Other Sources */,
				29B97317FDCFA39411CA2CEA /* Resources */,
				29B97323FDCFA39411CA2CEA /* Frameworks */,
				19C28FACFE9D520D11CA2CBB /* Products */,
			);
			name = CustomTemplate;
			sourceTree = "<group>";
		};
		29B97315FDCFA39411CA2CEA /* Other Sources */ = {
			isa = PBXGroup;
			children = (
				32CA4F630368D1EE00C91783 /* Hello World-Prefix.pch */,
				29B97316FDCFA39411CA2CEA /* main.m */,
				ED33DF2A687741AEAF9F8254 /* Bridging-Header.h */,
			);
			name = "Other Sources";
			path = "Hello World";
			sourceTree = "<group>";
		};
		29B97317FDCFA39411CA2CEA /* Resources */ = {
			isa = PBXGroup;
			children = (
				0207DA571B56EA530066E2B4 /* Images.xcassets */,
				3047A50E1AB8057F00498E2A /* config */,
				8D1107310486CEB800E47090 /* Hello World-Info.plist */,
				D97CB0623D864632A819F047 /* CDVCapture.bundle */,
				04D4957A2EAA4D7DB8C251B8 /* CDVNotification.bundle */,
			);
			name = Resources;
			path = "Hello World/Resources";
			sourceTree = "<group>";
		};
		29B97323FDCFA39411CA2CEA /* Frameworks */ = {
			isa = PBXGroup;
			children = (
				BC90691306354F8C96B8B44F /* ImageIO.framework */,
				BA6A5493120345828FE64CB0 /* CoreLocation.framework */,
				C3ACCF3E91F140F8B09ABFD8 /* AVFoundation.framework */,
				7F9EBC63C79146E1A4EFA0E7 /* AddressBook.framework */,
				254BA6FCB75441BA9EE8DB43 /* AddressBookUI.framework */,
				D92E8A038A514C39B0EE432D /* CoreMotion.framework */,
				31D4934C2BB740C88D63B3A2 /* AudioToolbox.framework */,
				452FB7D6CBDF49A1907D6CC8 /* SystemConfiguration.framework */,
				75573FC695AA40F1B15F719F /* CoreTelephony.framework */,
				D957604C7B5347C2AE2DDDEB /* libGGLCloudMessaging.a */,
				7C3AE2F0C6324938A0F1B5F5 /* libGGLCore.a */,
				7F39DD4CD8274576A1FE9FEF /* libGGLInstanceIDLib.a */,
				AA8EBED5EAD44CA68FD69462 /* libGIP_Reachability.a */,
				F0CE660A822C4EDFB2B3FECC /* libGSDK_Overload.a */,
				DB638519B9DD4810BE3ACC3C /* libGTMSessionFetcher_core.a */,
				F194902E9ABF4387AC5AF97E /* libGTMSessionFetcher_full.a */,
				C21103EE21284FBFBE347E45 /* libGTMStackTrace.a */,
				8129981E34454109A3B09C24 /* libGTM_AddressBook.a */,
				5D624A4626AC4E4D99523972 /* libGTM_DebugUtils.a */,
				FA4E785071EF47BAA61148A9 /* libGTM_GTMURLBuilder.a */,
				03B00A4DDD53424C93D5CC0F /* libGTM_KVO.a */,
				6DADDB1B9A4D4C27B9F8137D /* libGTM_NSData+zlib.a */,
				2D2E01D4D53F4C6B98340624 /* libGTM_NSDictionary+URLArguments.a */,
				604CE8E0ECA1438790A47FE9 /* libGTM_NSScannerJSON.a */,
				A859F8BA81E14A98BF7D2835 /* libGTM_NSStringHTML.a */,
				351CDA49C95E42E3983D7133 /* libGTM_NSStringXML.a */,
				0513329BC01F42949AED5137 /* libGTM_Regex.a */,
				A549CCE0919D4C8BBAA4F8E8 /* libGTM_RoundedRectPath.a */,
				A12F2B9FC3D3449BBB2B4103 /* libGTM_StringEncoding.a */,
				6F851C2F048C41039A12B334 /* libGTM_SystemVersion.a */,
				5D6745DD80164B0B8019AD83 /* libGTM_UIFont+LineHeight.a */,
				C800A2B4164A43BCBB0B7A65 /* libGTM_core.a */,
				7B83E4CFFD4744FD8EC75255 /* libGTM_iPhone.a */,
				05B818CCF8004787BA9A6C77 /* libGcmLib.a */,
				4BF85EAAF0EF4C7F82F58AE9 /* libProtocolBuffers.a */,
				44B3AED9FD6E4217A4351B11 /* libsqlite3.tbd */,
				8C516197C2FF4AA884E39A67 /* libz.tbd */,
			);
			name = Frameworks;
			sourceTree = "<group>";
		};
		301BF52E109A57CC0062928A /* Products */ = {
			isa = PBXGroup;
			children = (
				301BF535109A57CC0062928A /* libCordova.a */,
			);
			name = Products;
			sourceTree = "<group>";
		};
		3047A50E1AB8057F00498E2A /* config */ = {
			isa = PBXGroup;
			children = (
				3047A50F1AB8059700498E2A /* build-debug.xcconfig */,
				3047A5101AB8059700498E2A /* build-release.xcconfig */,
				3047A5111AB8059700498E2A /* build.xcconfig */,
			);
			name = config;
			sourceTree = "<group>";
		};
		307C750510C5A3420062BCA9 /* Plugins */ = {
			isa = PBXGroup;
			children = (
				C4B41838FD864648956D9C03 /* CDVBattery.m */,
				0CFBDFFC156C40BDBE7C5B40 /* CDVBattery.h */,
				76B0652330B74387A1B39603 /* UIImage+CropScaleOrientation.m */,
				C0A0ED8BA9E74AADBC2600CF /* CDVCamera.m */,
				5F85988A66784F75B290FD7A /* CDVJpegHeaderWriter.m */,
				3FED8BC88A384E63AC1070A2 /* UIImage+CropScaleOrientation.h */,
				64AF94AD7E8F40079B03A2C1 /* CDVCamera.h */,
				8C3930F17C4D419E905BF1D8 /* CDVJpegHeaderWriter.h */,
				CF8EEC3ACBC54FBCA979825A /* CDVExif.h */,
				B356873D94704BD981829558 /* CDVFile.m */,
				E2A90A5DE89845459CCE8208 /* CDVLocalFilesystem.m */,
				DB1575DCA77D400C963510EB /* CDVAssetLibraryFilesystem.m */,
				821E3AE91C394AC4A332B1E5 /* CDVFile.h */,
				5BBB1957B6E3449593E23264 /* CDVLocalFilesystem.h */,
				542EFC372C6A4FEC966130B6 /* CDVAssetLibraryFilesystem.h */,
				1744205C2FF34551ADDF892E /* CDVCapture.m */,
				D20100BB7AD34585AD2D3B3C /* CDVCapture.h */,
				E1E0E18E1DC34BD5A6B72EEA /* CDVLogger.m */,
				CBA55D812C514AABAE7E277E /* CDVLogger.h */,
				934420B7E68441A1BA6DBFC5 /* CDVContacts.m */,
				D8F6973EC4C74B98AE5A137B /* CDVContact.m */,
				DF939D7DE4F74D62B027E776 /* CDVContacts.h */,
				90941945837A4678AA7E74AB /* CDVContact.h */,
				E4CA52C46F3D4A959590836A /* CDVDevice.m */,
				20AF211AFB824043984840B4 /* CDVDevice.h */,
				57C679F50355461F961295E7 /* CDVAccelerometer.m */,
				E12C2CC654E94E5AB4BA0ABE /* CDVAccelerometer.h */,
				059220BB05DE4245B84DFC86 /* CDVCompass.m */,
				1BE9F1AFDFFF4D9C85131BE0 /* CDVCompass.h */,
				A92AF123CAA043A8ABF52051 /* CDVNotification.m */,
				41703DA3D80340AD83CA4468 /* CDVNotification.h */,
				4EE623AC6C71435E8390A611 /* CDVFileTransfer.m */,
				198BAD6F3A8645289BE7142E /* CDVFileTransfer.h */,
				D057664457D945EAAD6A3EC0 /* CDVLocation.m */,
				B9A86174480349A4B27A3D5C /* CDVLocation.h */,
				26BA0E6F2B1E40F7B7721A3B /* CDVGlobalization.m */,
				75D1DDE452FC4842A021D495 /* CDVGlobalization.h */,
				2C73C92DDDE946D5AEA4A5F8 /* CDVInAppBrowser.m */,
				0900801B797C4B3381E7984F /* CDVInAppBrowser.h */,
				60986DCAF6D84CEC843B64FB /* CDVSound.m */,
				D972412C1F15444F8F7CA02D /* CDVSound.h */,
				F0723A36B3F94D458AEA2692 /* CDVConnection.m */,
				30BF1FE569094ADC8F55CD92 /* CDVReachability.m */,
				9A22FEC91A3A40039D59AF42 /* CDVConnection.h */,
				B7F021D5E07041C5B08B24A1 /* CDVReachability.h */,
				CF0C23D7F3D74966A2E7D5CE /* CDVSplashScreen.m */,
				B61E105C00054A6C955121B3 /* CDVViewController+SplashScreen.m */,
				CA3F38DD82F04EBD936BA97A /* CDVSplashScreen.h */,
				F91E9C3F254A4D78B2EBBEA9 /* CDVViewController+SplashScreen.h */,
				AAA53ED5E86C453ABD4D868A /* CDVStatusBar.m */,
				BEA2793A6DF040FAB26A697A /* CDVStatusBar.h */,
				68827A10C58A4DE9894B07C1 /* CDVVibration.m */,
				2741105F3D1947908A647D91 /* CDVVibration.h */,
				B537F3D7F808452BA605651A /* AppDelegate+notification.m */,
				A367DF7EB596467483879DD8 /* PushPlugin.m */,
				F19FEEDB0F4C4E02B67CFCB6 /* AppDelegate+notification.h */,
				E42B795D33C74CE28A5810BA /* PushPlugin.h */,
				F9DB1E787D1642EA9F410944 /* GGLInstanceID.h */,
				6B2D72139C504FE38352DFBD /* GGLInstanceIDConfig.h */,
				4FF2B4BF3C8D46B2A5FFBD8F /* GGLInstanceIDDelegate.h */,
				D61F6E63779445168FA632E3 /* GGLInstanceIDHeaders.h */,
				9A5BBCFED0144D44B045BBAB /* CloudMessaging.h */,
				9D117987A96A46E5BF245260 /* GGLContext+CloudMessaging.h */,
				DD4E9D44C0524F40A4ABEF74 /* Core.h */,
				5B4C502C1ADB4C6389A2D0C3 /* GGLConfiguration.h */,
				53720928CC024D04909A9D06 /* GGLContext.h */,
				A15A1FE8044740ED893C2D6F /* GGLErrorCode.h */,
				1EA614D362FE4F3DBF551704 /* GCMConfig.h */,
				87477A9157DD4C869BD2FBE8 /* GCMPubSub.h */,
				7D623BC58AE2409096143CC9 /* GCMReceiverDelegate.h */,
				E5FA918AAA4D435E902AADCA /* GCMService.h */,
				619F72E87C814CF99E4B1739 /* GoogleCloudMessaging.h */,
			);
			name = Plugins;
			path = "Hello World/Plugins";
			sourceTree = SOURCE_ROOT;
		};
		EB87FDF11871DA420020F90C /* Staging */ = {
			isa = PBXGroup;
			children = (
				F840E1F0165FE0F500CFE078 /* config.xml */,
				301BF56E109A69640062928A /* www */,
			);
			name = Staging;
			sourceTree = "<group>";
		};
/* End PBXGroup section */

/* Begin PBXNativeTarget section */
		1D6058900D05DD3D006BFB54 /* Hello World */ = {
			isa = PBXNativeTarget;
			buildConfigurationList = 1D6058960D05DD3E006BFB54 /* Build configuration list for PBXNativeTarget "Hello World" */;
			buildPhases = (
				304B58A110DAC018002A0835 /* Copy www directory */,
				1D60588D0D05DD3D006BFB54 /* Resources */,
				1D60588E0D05DD3D006BFB54 /* Sources */,
				1D60588F0D05DD3D006BFB54 /* Frameworks */,
			);
			buildRules = (
			);
			dependencies = (
				301BF551109A68C00062928A /* PBXTargetDependency */,
			);
			name = "Hello World";
			productName = "Hello World";
			productReference = 1D6058910D05DD3D006BFB54 /* Hello World.app */;
			productType = "com.apple.product-type.application";
		};
/* End PBXNativeTarget section */

/* Begin PBXProject section */
		29B97313FDCFA39411CA2CEA /* Project object */ = {
			isa = PBXProject;
			attributes = {
				LastUpgradeCheck = 510;
			};
			buildConfigurationList = C01FCF4E08A954540054247B /* Build configuration list for PBXProject "__NON-CLI__" */;
			compatibilityVersion = "Xcode 3.2";
			developmentRegion = English;
			hasScannedForEncodings = 1;
			mainGroup = 29B97314FDCFA39411CA2CEA /* CustomTemplate */;
			projectDirPath = "";
			projectReferences = (
				{
					ProductGroup = 301BF52E109A57CC0062928A /* Products */;
					ProjectRef = 301BF52D109A57CC0062928A /* CordovaLib.xcodeproj */;
				},
			);
			projectRoot = "";
			targets = (
				1D6058900D05DD3D006BFB54 /* Hello World */,
			);
		};
/* End PBXProject section */

/* Begin PBXReferenceProxy section */
		301BF535109A57CC0062928A /* libCordova.a */ = {
			isa = PBXReferenceProxy;
			fileType = archive.ar;
			path = libCordova.a;
			remoteRef = 301BF534109A57CC0062928A /* PBXContainerItemProxy */;
			sourceTree = BUILT_PRODUCTS_DIR;
		};
/* End PBXReferenceProxy section */

/* Begin PBXResourcesBuildPhase section */
		1D60588D0D05DD3D006BFB54 /* Resources */ = {
			isa = PBXResourcesBuildPhase;
			buildActionMask = 2147483647;
			files = (
				302D95F214D2391D003F00A1 /* MainViewController.xib in Resources */,
				3047A5131AB8059700498E2A /* build-release.xcconfig in Resources */,
				3047A5141AB8059700498E2A /* build.xcconfig in Resources */,
				0207DA581B56EA530066E2B4 /* Images.xcassets in Resources */,
				3047A5121AB8059700498E2A /* build-debug.xcconfig in Resources */,
				E7E3A25F2028422CA562EACF /* CDVCapture.bundle in Resources */,
				40B6B2FC358640C29961DDF4 /* CDVNotification.bundle in Resources */,
			);
			runOnlyForDeploymentPostprocessing = 0;
		};
/* End PBXResourcesBuildPhase section */

/* Begin PBXShellScriptBuildPhase section */
		304B58A110DAC018002A0835 /* Copy www directory */ = {
			isa = PBXShellScriptBuildPhase;
			buildActionMask = 2147483647;
			files = (
			);
			inputPaths = (
			);
			name = "Copy www directory";
			outputPaths = (
			);
			runOnlyForDeploymentPostprocessing = 0;
			shellPath = /bin/sh;
			shellScript = "NODEJS_PATH=/usr/local/bin; NVM_NODE_PATH=~/.nvm/versions/node/`nvm version 2>/dev/null`/bin; N_NODE_PATH=`find /usr/local/n/versions/node/* -maxdepth 0 -type d 2>/dev/null | tail -1`/bin; XCODE_NODE_PATH=`xcode-select --print-path`/usr/share/xcs/Node/bin; PATH=$NODEJS_PATH:$NVM_NODE_PATH:$N_NODE_PATH:$XCODE_NODE_PATH:$PATH && node cordova/lib/copy-www-build-step.js";
			showEnvVarsInLog = 0;
		};
/* End PBXShellScriptBuildPhase section */

/* Begin PBXSourcesBuildPhase section */
		1D60588E0D05DD3D006BFB54 /* Sources */ = {
			isa = PBXSourcesBuildPhase;
			buildActionMask = 2147483647;
			files = (
				1D60589B0D05DD56006BFB54 /* main.m in Sources */,
				1D3623260D0F684500981E51 /* AppDelegate.m in Sources */,
				302D95F114D2391D003F00A1 /* MainViewController.m in Sources */,
				6E4B5B6E1A5345039741B46D /* CDVBattery.m in Sources */,
				C0F78DB7B334454198C80DBE /* UIImage+CropScaleOrientation.m in Sources */,
				1031CC7285CF46188C739930 /* CDVCamera.m in Sources */,
				FEAA0E84FA324B0D8DD65AB2 /* CDVJpegHeaderWriter.m in Sources */,
				76EE49D581DA4DB0848FE059 /* CDVFile.m in Sources */,
				A09EDD8A372D4E9180EC74D8 /* CDVLocalFilesystem.m in Sources */,
				D7FA70C3A28646E38C8C28B4 /* CDVAssetLibraryFilesystem.m in Sources */,
				BC2CF6B1FE4E43BC91EFD42B /* CDVCapture.m in Sources */,
				2F20CB4FF26543FFA0A4D8F0 /* CDVLogger.m in Sources */,
				470DE0E3A06E475190903998 /* CDVContacts.m in Sources */,
				3617086E403742309B5186E1 /* CDVContact.m in Sources */,
				92C7876D95A346AD8D6AAA9D /* CDVDevice.m in Sources */,
				E4041ED3BCE9419D9D20E2BC /* CDVAccelerometer.m in Sources */,
				4D7A99F7B56D4B359B0C82CF /* CDVCompass.m in Sources */,
				79283DD58DC1477498A18787 /* CDVNotification.m in Sources */,
				537AC197563A4E93ACE02DF8 /* CDVFileTransfer.m in Sources */,
				C31E7F23F3AF45358ACDC7BF /* CDVLocation.m in Sources */,
				1F0CCEC247CD4829B6180158 /* CDVGlobalization.m in Sources */,
				1B0D16B56B5142C8B63EA9AC /* CDVInAppBrowser.m in Sources */,
				0651D73670DE40129FED0DD2 /* CDVSound.m in Sources */,
				4022A91EA7024584A97C0282 /* CDVConnection.m in Sources */,
				E005DD9F99F7460E9689C549 /* CDVReachability.m in Sources */,
				13CCD023B4D74E42BB44C40F /* CDVSplashScreen.m in Sources */,
				49CBACE80DB54723A368BD7A /* CDVViewController+SplashScreen.m in Sources */,
				4602C0AB9ABB4CEEB4BF2993 /* CDVStatusBar.m in Sources */,
				1C63E8C47D92488190C7AA15 /* CDVVibration.m in Sources */,
				336FFCFE54054E948C1374A1 /* AppDelegate+notification.m in Sources */,
				EBED1A88F02042B292E430C4 /* PushPlugin.m in Sources */,
			);
			runOnlyForDeploymentPostprocessing = 0;
		};
/* End PBXSourcesBuildPhase section */

/* Begin PBXTargetDependency section */
		301BF551109A68C00062928A /* PBXTargetDependency */ = {
			isa = PBXTargetDependency;
			name = CordovaLib;
			targetProxy = 301BF550109A68C00062928A /* PBXContainerItemProxy */;
		};
/* End PBXTargetDependency section */

/* Begin XCBuildConfiguration section */
		1D6058940D05DD3E006BFB54 /* Debug */ = {
			isa = XCBuildConfiguration;
			baseConfigurationReference = 3047A50F1AB8059700498E2A /* build-debug.xcconfig */;
			buildSettings = {
				ALWAYS_SEARCH_USER_PATHS = NO;
				ASSETCATALOG_COMPILER_APPICON_NAME = AppIcon;
				ASSETCATALOG_COMPILER_LAUNCHIMAGE_NAME = LaunchImage;
				CLANG_ENABLE_MODULES = YES;
				CLANG_ENABLE_OBJC_ARC = YES;
				COPY_PHASE_STRIP = NO;
				GCC_DYNAMIC_NO_PIC = NO;
				GCC_OPTIMIZATION_LEVEL = 0;
				GCC_PRECOMPILE_PREFIX_HEADER = YES;
				GCC_PREFIX_HEADER = "Hello World/Hello World-Prefix.pch";
				GCC_THUMB_SUPPORT = NO;
				GCC_VERSION = "";
				INFOPLIST_FILE = "Hello World/Hello World-Info.plist";
				LD_RUNPATH_SEARCH_PATHS = "@executable_path/Frameworks";
				PRODUCT_NAME = "Hello World";
				LIBRARY_SEARCH_PATHS = (
					"$(inherited)",
					"\"$(SRCROOT)/Hello World/Plugins/phonegap-plugin-push/GCM/Libraries\"",
					"\"$(SRCROOT)/Hello World/Plugins/phonegap-plugin-push/GCM/Libraries\"",
					"\"$(SRCROOT)/Hello World/Plugins/phonegap-plugin-push/GCM/Libraries\"",
					"\"$(SRCROOT)/Hello World/Plugins/phonegap-plugin-push/GCM/Libraries\"",
					"\"$(SRCROOT)/Hello World/Plugins/phonegap-plugin-push/GCM/Libraries\"",
					"\"$(SRCROOT)/Hello World/Plugins/phonegap-plugin-push/GCM/Libraries\"",
					"\"$(SRCROOT)/Hello World/Plugins/phonegap-plugin-push/GCM/Libraries\"",
					"\"$(SRCROOT)/Hello World/Plugins/phonegap-plugin-push/GCM/Libraries\"",
					"\"$(SRCROOT)/Hello World/Plugins/phonegap-plugin-push/GCM/Libraries\"",
					"\"$(SRCROOT)/Hello World/Plugins/phonegap-plugin-push/GCM/Libraries\"",
					"\"$(SRCROOT)/Hello World/Plugins/phonegap-plugin-push/GCM/Libraries\"",
					"\"$(SRCROOT)/Hello World/Plugins/phonegap-plugin-push/GCM/Libraries\"",
					"\"$(SRCROOT)/Hello World/Plugins/phonegap-plugin-push/GCM/Libraries\"",
					"\"$(SRCROOT)/Hello World/Plugins/phonegap-plugin-push/GCM/Libraries\"",
					"\"$(SRCROOT)/Hello World/Plugins/phonegap-plugin-push/GCM/Libraries\"",
					"\"$(SRCROOT)/Hello World/Plugins/phonegap-plugin-push/GCM/Libraries\"",
					"\"$(SRCROOT)/Hello World/Plugins/phonegap-plugin-push/GCM/Libraries\"",
					"\"$(SRCROOT)/Hello World/Plugins/phonegap-plugin-push/GCM/Libraries\"",
					"\"$(SRCROOT)/Hello World/Plugins/phonegap-plugin-push/GCM/Libraries\"",
					"\"$(SRCROOT)/Hello World/Plugins/phonegap-plugin-push/GCM/Libraries\"",
					"\"$(SRCROOT)/Hello World/Plugins/phonegap-plugin-push/GCM/Libraries\"",
					"\"$(SRCROOT)/Hello World/Plugins/phonegap-plugin-push/GCM/Libraries\"",
					"\"$(SRCROOT)/Hello World/Plugins/phonegap-plugin-push/GCM/Libraries\"",
					"\"$(SRCROOT)/Hello World/Plugins/phonegap-plugin-push/GCM/Libraries\"",
					"\"$(SRCROOT)/Hello World/Plugins/phonegap-plugin-push/GCM/Libraries\"",
					"\"$(SRCROOT)/Hello World/Plugins/phonegap-plugin-push/GCM/Libraries\"",
				);
			};
			name = Debug;
		};
		1D6058950D05DD3E006BFB54 /* Release */ = {
			isa = XCBuildConfiguration;
			baseConfigurationReference = 3047A5101AB8059700498E2A /* build-release.xcconfig */;
			buildSettings = {
				ALWAYS_SEARCH_USER_PATHS = NO;
				ASSETCATALOG_COMPILER_APPICON_NAME = AppIcon;
				ASSETCATALOG_COMPILER_LAUNCHIMAGE_NAME = LaunchImage;
				CLANG_ENABLE_MODULES = YES;
				CLANG_ENABLE_OBJC_ARC = YES;
				COPY_PHASE_STRIP = YES;
				GCC_PRECOMPILE_PREFIX_HEADER = YES;
				GCC_PREFIX_HEADER = "Hello World/Hello World-Prefix.pch";
				GCC_THUMB_SUPPORT = NO;
				GCC_VERSION = "";
				INFOPLIST_FILE = "Hello World/Hello World-Info.plist";
				PRODUCT_NAME = "Hello World";
				LIBRARY_SEARCH_PATHS = (
					"$(inherited)",
					"\"$(SRCROOT)/Hello World/Plugins/phonegap-plugin-push/GCM/Libraries\"",
					"\"$(SRCROOT)/Hello World/Plugins/phonegap-plugin-push/GCM/Libraries\"",
					"\"$(SRCROOT)/Hello World/Plugins/phonegap-plugin-push/GCM/Libraries\"",
					"\"$(SRCROOT)/Hello World/Plugins/phonegap-plugin-push/GCM/Libraries\"",
					"\"$(SRCROOT)/Hello World/Plugins/phonegap-plugin-push/GCM/Libraries\"",
					"\"$(SRCROOT)/Hello World/Plugins/phonegap-plugin-push/GCM/Libraries\"",
					"\"$(SRCROOT)/Hello World/Plugins/phonegap-plugin-push/GCM/Libraries\"",
					"\"$(SRCROOT)/Hello World/Plugins/phonegap-plugin-push/GCM/Libraries\"",
					"\"$(SRCROOT)/Hello World/Plugins/phonegap-plugin-push/GCM/Libraries\"",
					"\"$(SRCROOT)/Hello World/Plugins/phonegap-plugin-push/GCM/Libraries\"",
					"\"$(SRCROOT)/Hello World/Plugins/phonegap-plugin-push/GCM/Libraries\"",
					"\"$(SRCROOT)/Hello World/Plugins/phonegap-plugin-push/GCM/Libraries\"",
					"\"$(SRCROOT)/Hello World/Plugins/phonegap-plugin-push/GCM/Libraries\"",
					"\"$(SRCROOT)/Hello World/Plugins/phonegap-plugin-push/GCM/Libraries\"",
					"\"$(SRCROOT)/Hello World/Plugins/phonegap-plugin-push/GCM/Libraries\"",
					"\"$(SRCROOT)/Hello World/Plugins/phonegap-plugin-push/GCM/Libraries\"",
					"\"$(SRCROOT)/Hello World/Plugins/phonegap-plugin-push/GCM/Libraries\"",
					"\"$(SRCROOT)/Hello World/Plugins/phonegap-plugin-push/GCM/Libraries\"",
					"\"$(SRCROOT)/Hello World/Plugins/phonegap-plugin-push/GCM/Libraries\"",
					"\"$(SRCROOT)/Hello World/Plugins/phonegap-plugin-push/GCM/Libraries\"",
					"\"$(SRCROOT)/Hello World/Plugins/phonegap-plugin-push/GCM/Libraries\"",
					"\"$(SRCROOT)/Hello World/Plugins/phonegap-plugin-push/GCM/Libraries\"",
					"\"$(SRCROOT)/Hello World/Plugins/phonegap-plugin-push/GCM/Libraries\"",
					"\"$(SRCROOT)/Hello World/Plugins/phonegap-plugin-push/GCM/Libraries\"",
					"\"$(SRCROOT)/Hello World/Plugins/phonegap-plugin-push/GCM/Libraries\"",
					"\"$(SRCROOT)/Hello World/Plugins/phonegap-plugin-push/GCM/Libraries\"",
				);
			};
			name = Release;
		};
		C01FCF4F08A954540054247B /* Debug */ = {
			isa = XCBuildConfiguration;
			baseConfigurationReference = 3047A5111AB8059700498E2A /* build.xcconfig */;
			buildSettings = {
				CLANG_ENABLE_MODULES = YES;
				CLANG_ENABLE_OBJC_ARC = YES;
				CLANG_WARN_BOOL_CONVERSION = YES;
				CLANG_WARN_CONSTANT_CONVERSION = YES;
				CLANG_WARN_EMPTY_BODY = YES;
				CLANG_WARN_ENUM_CONVERSION = YES;
				CLANG_WARN_INT_CONVERSION = YES;
				CLANG_WARN__DUPLICATE_METHOD_MATCH = YES;
				GCC_C_LANGUAGE_STANDARD = c99;
				GCC_THUMB_SUPPORT = NO;
				GCC_VERSION = "";
				GCC_WARN_ABOUT_RETURN_TYPE = YES;
				GCC_WARN_UNDECLARED_SELECTOR = YES;
				GCC_WARN_UNINITIALIZED_AUTOS = YES;
				GCC_WARN_UNUSED_FUNCTION = YES;
				GCC_WARN_UNUSED_VARIABLE = YES;
				ONLY_ACTIVE_ARCH = YES;
				SDKROOT = iphoneos;
				SKIP_INSTALL = NO;
			};
			name = Debug;
		};
		C01FCF5008A954540054247B /* Release */ = {
			isa = XCBuildConfiguration;
			baseConfigurationReference = 3047A5111AB8059700498E2A /* build.xcconfig */;
			buildSettings = {
				CLANG_ENABLE_MODULES = YES;
				CLANG_ENABLE_OBJC_ARC = YES;
				CLANG_WARN_BOOL_CONVERSION = YES;
				CLANG_WARN_CONSTANT_CONVERSION = YES;
				CLANG_WARN_EMPTY_BODY = YES;
				CLANG_WARN_ENUM_CONVERSION = YES;
				CLANG_WARN_INT_CONVERSION = YES;
				CLANG_WARN__DUPLICATE_METHOD_MATCH = YES;
				GCC_C_LANGUAGE_STANDARD = c99;
				GCC_THUMB_SUPPORT = NO;
				GCC_VERSION = "";
				GCC_WARN_ABOUT_RETURN_TYPE = YES;
				GCC_WARN_UNDECLARED_SELECTOR = YES;
				GCC_WARN_UNINITIALIZED_AUTOS = YES;
				GCC_WARN_UNUSED_FUNCTION = YES;
				GCC_WARN_UNUSED_VARIABLE = YES;
				SDKROOT = iphoneos;
				SKIP_INSTALL = NO;
			};
			name = Release;
		};
/* End XCBuildConfiguration section */

/* Begin XCConfigurationList section */
		1D6058960D05DD3E006BFB54 /* Build configuration list for PBXNativeTarget "Hello World" */ = {
			isa = XCConfigurationList;
			buildConfigurations = (
				1D6058940D05DD3E006BFB54 /* Debug */,
				1D6058950D05DD3E006BFB54 /* Release */,
			);
			defaultConfigurationIsVisible = 0;
			defaultConfigurationName = Release;
		};
		C01FCF4E08A954540054247B /* Build configuration list for PBXProject "__NON-CLI__" */ = {
			isa = XCConfigurationList;
			buildConfigurations = (
				C01FCF4F08A954540054247B /* Debug */,
				C01FCF5008A954540054247B /* Release */,
			);
			defaultConfigurationIsVisible = 0;
			defaultConfigurationName = Release;
		};
/* End XCConfigurationList section */
	};
	rootObject = 29B97313FDCFA39411CA2CEA /* Project object */;
}
